
Microsoft Visual Studio Solution File, Format Version 12.00
# Visual Studio 15
VisualStudioVersion = 15.0.26403.3
MinimumVisualStudioVersion = 10.0.40219.1
Project("{FAE04EC0-301F-11D3-BF4B-00C04F79EFBC}") = "MRAProject", "MRAProject\MRAProject.csproj", "{11087F7D-22CC-4932-8125-02FB7AE8407A}"
EndProject
Global
	GlobalSection(SolutionConfigurationPlatforms) = preSolution
		Debug|Any CPU = Debug|Any CPU
		Release|Any CPU = Release|Any CPU
	EndGlobalSection
	GlobalSection(ProjectConfigurationPlatforms) = postSolution
		{11087F7D-22CC-4932-8125-02FB7AE8407A}.Debug|Any CPU.ActiveCfg = Debug|Any CPU
		{11087F7D-22CC-4932-8125-02FB7AE8407A}.Debug|Any CPU.Build.0 = Debug|Any CPU
		{11087F7D-22CC-4932-8125-02FB7AE8407A}.Release|Any CPU.ActiveCfg = Release|Any CPU
		{11087F7D-22CC-4932-8125-02FB7AE8407A}.Release|Any CPU.Build.0 = Release|Any CPU
	EndGlobalSection
	GlobalSection(SolutionProperties) = preSolution
		HideSolutionNode = FALSE
	EndGlobalSection
EndGlobal
